PODS:
  - FlutterMacOS (1.0.0)
  - macos_window_utils (1.0.0):
    - FlutterMacOS
  - path_provider_foundation (0.0.1):
    - Flutter
    - FlutterMacOS
  - screen_retriever (0.0.1):
    - FlutterMacOS
  - sqlite3 (3.41.2):
    - sqlite3/common (= 3.41.2)
  - sqlite3/common (3.41.2)
  - sqlite3/fts5 (3.41.2):
    - sqlite3/common
  - sqlite3/perf-threadsafe (3.41.2):
    - sqlite3/common
  - sqlite3/rtree (3.41.2):
    - sqlite3/common
  - sqlite3_flutter_libs (0.0.1):
    - FlutterMacOS
    - sqlite3 (~> 3.41.2)
    - sqlite3/fts5
    - sqlite3/perf-threadsafe
    - sqlite3/rtree
  - system_theme (0.0.1):
    - FlutterMacOS
  - window_manager (0.2.0):
    - FlutterMacOS

DEPENDENCIES:
  - FlutterMacOS (from `Flutter/ephemeral`)
  - macos_window_utils (from `Flutter/ephemeral/.symlinks/plugins/macos_window_utils/macos`)
  - path_provider_foundation (from `Flutter/ephemeral/.symlinks/plugins/path_provider_foundation/darwin`)
  - screen_retriever (from `Flutter/ephemeral/.symlinks/plugins/screen_retriever/macos`)
  - sqlite3_flutter_libs (from `Flutter/ephemeral/.symlinks/plugins/sqlite3_flutter_libs/macos`)
  - system_theme (from `Flutter/ephemeral/.symlinks/plugins/system_theme/macos`)
  - window_manager (from `Flutter/ephemeral/.symlinks/plugins/window_manager/macos`)

SPEC REPOS:
  trunk:
    - sqlite3

EXTERNAL SOURCES:
  FlutterMacOS:
    :path: Flutter/ephemeral
  macos_window_utils:
    :path: Flutter/ephemeral/.symlinks/plugins/macos_window_utils/macos
  path_provider_foundation:
    :path: Flutter/ephemeral/.symlinks/plugins/path_provider_foundation/darwin
  screen_retriever:
    :path: Flutter/ephemeral/.symlinks/plugins/screen_retriever/macos
  sqlite3_flutter_libs:
    :path: Flutter/ephemeral/.symlinks/plugins/sqlite3_flutter_libs/macos
  system_theme:
    :path: Flutter/ephemeral/.symlinks/plugins/system_theme/macos
  window_manager:
    :path: Flutter/ephemeral/.symlinks/plugins/window_manager/macos

SPEC CHECKSUMS:
  FlutterMacOS: 8f6f14fa908a6fb3fba0cd85dbd81ec4b251fb24
  macos_window_utils: 933f91f64805e2eb91a5bd057cf97cd097276663
  path_provider_foundation: 29f094ae23ebbca9d3d0cec13889cd9060c0e943
  screen_retriever: 59634572a57080243dd1bf715e55b6c54f241a38
  sqlite3: fd89671d969f3e73efe503ce203e28b016b58f68
  sqlite3_flutter_libs: 00a50503d69f7ab0fe85a5ff25b33082f4df4ce9
  system_theme: c7b9f6659a5caa26c9bc2284da096781e9a6fcbc
  window_manager: 3a1844359a6295ab1e47659b1a777e36773cd6e8

PODFILE CHECKSUM: 16208599a12443d53889ba2270a4985981cfb204

COCOAPODS: 1.12.1
